
Microsoft Visual Studio Solution File, Format Version 12.00
# Visual Studio 2013
VisualStudioVersion = 12.0.21005.1
MinimumVisualStudioVersion = 10.0.40219.1
Project("{FAE04EC0-301F-11D3-BF4B-00C04F79EFBC}") = "YSCMS.Common", "YSCMS.Common\YSCMS.Common.csproj", "{484D6113-F248-4BF2-A7B6-1775475DD4D0}"
EndProject
Project("{FAE04EC0-301F-11D3-BF4B-00C04F79EFBC}") = "YSCMS.Config", "YSCMS.Config\YSCMS.Config.csproj", "{3A5FE22E-286B-4AC6-B8C7-F1AF966A5D56}"
EndProject
Project("{FAE04EC0-301F-11D3-BF4B-00C04F79EFBC}") = "YSCMS.Global", "YSCMS.Global\YSCMS.Global.csproj", "{0754F42C-4948-4156-B4DF-537A5FFBF714}"
EndProject
Project("{FAE04EC0-301F-11D3-BF4B-00C04F79EFBC}") = "YSCMS.Model", "YSCMS.Model\YSCMS.Model.csproj", "{3A75BAD9-3094-4E69-BA4F-F7EB7E0B93D3}"
EndProject
Project("{FAE04EC0-301F-11D3-BF4B-00C04F79EFBC}") = "YSCMS.AccessDAL", "YSCMS.AccessDAL\YSCMS.AccessDAL.csproj", "{95884294-B36A-4FEA-9AB0-50A93055C2B9}"
EndProject
Project("{FAE04EC0-301F-11D3-BF4B-00C04F79EFBC}") = "YSCMS.DALProfile", "YSCMS.DALProfile\YSCMS.DALProfile.csproj", "{216D0D98-5E8F-4041-BA31-11C4CAACC8C8}"
EndProject
Project("{FAE04EC0-301F-11D3-BF4B-00C04F79EFBC}") = "YSCMS.IDAL", "YSCMS.IDAL\YSCMS.IDAL.csproj", "{85A2C042-6BE8-40C1-8D30-F7696F5B00B4}"
EndProject
Project("{FAE04EC0-301F-11D3-BF4B-00C04F79EFBC}") = "YSCMS.SQLServerDAL", "YSCMS.SQLServerDAL\YSCMS.SQLServerDAL.csproj", "{AF894769-AA32-4F1F-B380-9997C2CF2846}"
EndProject
Project("{FAE04EC0-301F-11D3-BF4B-00C04F79EFBC}") = "YSCMS.Publish", "YSCMS.Publish\YSCMS.Publish.csproj", "{E4C63E5C-3FC1-48D1-BA38-BF74795AA284}"
EndProject
Project("{FAE04EC0-301F-11D3-BF4B-00C04F79EFBC}") = "YSCMS.Base", "YSCMS.Base\YSCMS.Base.csproj", "{AD53214E-D72E-4C0A-9AEC-4D1C7525EF88}"
EndProject
Project("{FAE04EC0-301F-11D3-BF4B-00C04F79EFBC}") = "YSCMS.DALFactory", "YSCMS.DALFactory\YSCMS.DALFactory.csproj", "{A20BF7E0-78C0-4709-8A21-CEFD72444765}"
EndProject
Project("{FAE04EC0-301F-11D3-BF4B-00C04F79EFBC}") = "YSCMS.CMS", "YSCMS.CMS\YSCMS.CMS.csproj", "{403CF19C-FD41-4021-8350-C887EBB6FBB0}"
EndProject
Project("{FAE04EC0-301F-11D3-BF4B-00C04F79EFBC}") = "YSCMS.Install", "YSCMS.Install\YSCMS.Install.csproj", "{A95E26DB-F602-4739-8D64-D4CA68799F78}"
EndProject
Project("{FAE04EC0-301F-11D3-BF4B-00C04F79EFBC}") = "YSCMS.NetTransmission", "YSCMS.NetTransmission\YSCMS.NetTransmission.csproj", "{F0D1CE2C-FA58-4989-A1F5-1774E67CC952}"
EndProject
Project("{FAE04EC0-301F-11D3-BF4B-00C04F79EFBC}") = "YSCMS.PageBasic", "YSCMS.PageBasic\YSCMS.PageBasic.csproj", "{09C48E91-0736-4D38-8E0C-15D03FCEF5D5}"
EndProject
Project("{FAE04EC0-301F-11D3-BF4B-00C04F79EFBC}") = "YSCMS.PageView", "YSCMS.PageView\YSCMS.PageView.csproj", "{C9B38DFD-A9A8-4DAD-927D-40E38EA230E7}"
EndProject
Project("{FAE04EC0-301F-11D3-BF4B-00C04F79EFBC}") = "YSCMS.PlugIn", "YSCMS.PlugIn\YSCMS.PlugIn.csproj", "{F57EE1CE-7130-468C-8F23-FC7CFFF78A58}"
EndProject
Global
	GlobalSection(SolutionConfigurationPlatforms) = preSolution
		Debug|Any CPU = Debug|Any CPU
		Release|Any CPU = Release|Any CPU
	EndGlobalSection
	GlobalSection(ProjectConfigurationPlatforms) = postSolution
		{484D6113-F248-4BF2-A7B6-1775475DD4D0}.Debug|Any CPU.ActiveCfg = Debug|Any CPU
		{484D6113-F248-4BF2-A7B6-1775475DD4D0}.Debug|Any CPU.Build.0 = Debug|Any CPU
		{484D6113-F248-4BF2-A7B6-1775475DD4D0}.Release|Any CPU.ActiveCfg = Release|Any CPU
		{484D6113-F248-4BF2-A7B6-1775475DD4D0}.Release|Any CPU.Build.0 = Release|Any CPU
		{3A5FE22E-286B-4AC6-B8C7-F1AF966A5D56}.Debug|Any CPU.ActiveCfg = Debug|Any CPU
		{3A5FE22E-286B-4AC6-B8C7-F1AF966A5D56}.Debug|Any CPU.Build.0 = Debug|Any CPU
		{3A5FE22E-286B-4AC6-B8C7-F1AF966A5D56}.Release|Any CPU.ActiveCfg = Release|Any CPU
		{3A5FE22E-286B-4AC6-B8C7-F1AF966A5D56}.Release|Any CPU.Build.0 = Release|Any CPU
		{0754F42C-4948-4156-B4DF-537A5FFBF714}.Debug|Any CPU.ActiveCfg = Debug|Any CPU
		{0754F42C-4948-4156-B4DF-537A5FFBF714}.Debug|Any CPU.Build.0 = Debug|Any CPU
		{0754F42C-4948-4156-B4DF-537A5FFBF714}.Release|Any CPU.ActiveCfg = Release|Any CPU
		{0754F42C-4948-4156-B4DF-537A5FFBF714}.Release|Any CPU.Build.0 = Release|Any CPU
		{3A75BAD9-3094-4E69-BA4F-F7EB7E0B93D3}.Debug|Any CPU.ActiveCfg = Debug|Any CPU
		{3A75BAD9-3094-4E69-BA4F-F7EB7E0B93D3}.Debug|Any CPU.Build.0 = Debug|Any CPU
		{3A75BAD9-3094-4E69-BA4F-F7EB7E0B93D3}.Release|Any CPU.ActiveCfg = Release|Any CPU
		{3A75BAD9-3094-4E69-BA4F-F7EB7E0B93D3}.Release|Any CPU.Build.0 = Release|Any CPU
		{95884294-B36A-4FEA-9AB0-50A93055C2B9}.Debug|Any CPU.ActiveCfg = Debug|Any CPU
		{95884294-B36A-4FEA-9AB0-50A93055C2B9}.Debug|Any CPU.Build.0 = Debug|Any CPU
		{95884294-B36A-4FEA-9AB0-50A93055C2B9}.Release|Any CPU.ActiveCfg = Release|Any CPU
		{95884294-B36A-4FEA-9AB0-50A93055C2B9}.Release|Any CPU.Build.0 = Release|Any CPU
		{216D0D98-5E8F-4041-BA31-11C4CAACC8C8}.Debug|Any CPU.ActiveCfg = Debug|Any CPU
		{216D0D98-5E8F-4041-BA31-11C4CAACC8C8}.Debug|Any CPU.Build.0 = Debug|Any CPU
		{216D0D98-5E8F-4041-BA31-11C4CAACC8C8}.Release|Any CPU.ActiveCfg = Release|Any CPU
		{216D0D98-5E8F-4041-BA31-11C4CAACC8C8}.Release|Any CPU.Build.0 = Release|Any CPU
		{85A2C042-6BE8-40C1-8D30-F7696F5B00B4}.Debug|Any CPU.ActiveCfg = Debug|Any CPU
		{85A2C042-6BE8-40C1-8D30-F7696F5B00B4}.Debug|Any CPU.Build.0 = Debug|Any CPU
		{85A2C042-6BE8-40C1-8D30-F7696F5B00B4}.Release|Any CPU.ActiveCfg = Release|Any CPU
		{85A2C042-6BE8-40C1-8D30-F7696F5B00B4}.Release|Any CPU.Build.0 = Release|Any CPU
		{AF894769-AA32-4F1F-B380-9997C2CF2846}.Debug|Any CPU.ActiveCfg = Debug|Any CPU
		{AF894769-AA32-4F1F-B380-9997C2CF2846}.Debug|Any CPU.Build.0 = Debug|Any CPU
		{AF894769-AA32-4F1F-B380-9997C2CF2846}.Release|Any CPU.ActiveCfg = Release|Any CPU
		{AF894769-AA32-4F1F-B380-9997C2CF2846}.Release|Any CPU.Build.0 = Release|Any CPU
		{E4C63E5C-3FC1-48D1-BA38-BF74795AA284}.Debug|Any CPU.ActiveCfg = Debug|Any CPU
		{E4C63E5C-3FC1-48D1-BA38-BF74795AA284}.Debug|Any CPU.Build.0 = Debug|Any CPU
		{E4C63E5C-3FC1-48D1-BA38-BF74795AA284}.Release|Any CPU.ActiveCfg = Release|Any CPU
		{E4C63E5C-3FC1-48D1-BA38-BF74795AA284}.Release|Any CPU.Build.0 = Release|Any CPU
		{AD53214E-D72E-4C0A-9AEC-4D1C7525EF88}.Debug|Any CPU.ActiveCfg = Debug|Any CPU
		{AD53214E-D72E-4C0A-9AEC-4D1C7525EF88}.Debug|Any CPU.Build.0 = Debug|Any CPU
		{AD53214E-D72E-4C0A-9AEC-4D1C7525EF88}.Release|Any CPU.ActiveCfg = Release|Any CPU
		{AD53214E-D72E-4C0A-9AEC-4D1C7525EF88}.Release|Any CPU.Build.0 = Release|Any CPU
		{A20BF7E0-78C0-4709-8A21-CEFD72444765}.Debug|Any CPU.ActiveCfg = Debug|Any CPU
		{A20BF7E0-78C0-4709-8A21-CEFD72444765}.Debug|Any CPU.Build.0 = Debug|Any CPU
		{A20BF7E0-78C0-4709-8A21-CEFD72444765}.Release|Any CPU.ActiveCfg = Release|Any CPU
		{A20BF7E0-78C0-4709-8A21-CEFD72444765}.Release|Any CPU.Build.0 = Release|Any CPU
		{403CF19C-FD41-4021-8350-C887EBB6FBB0}.Debug|Any CPU.ActiveCfg = Debug|Any CPU
		{403CF19C-FD41-4021-8350-C887EBB6FBB0}.Debug|Any CPU.Build.0 = Debug|Any CPU
		{403CF19C-FD41-4021-8350-C887EBB6FBB0}.Release|Any CPU.ActiveCfg = Release|Any CPU
		{403CF19C-FD41-4021-8350-C887EBB6FBB0}.Release|Any CPU.Build.0 = Release|Any CPU
		{A95E26DB-F602-4739-8D64-D4CA68799F78}.Debug|Any CPU.ActiveCfg = Debug|Any CPU
		{A95E26DB-F602-4739-8D64-D4CA68799F78}.Debug|Any CPU.Build.0 = Debug|Any CPU
		{A95E26DB-F602-4739-8D64-D4CA68799F78}.Release|Any CPU.ActiveCfg = Release|Any CPU
		{A95E26DB-F602-4739-8D64-D4CA68799F78}.Release|Any CPU.Build.0 = Release|Any CPU
		{F0D1CE2C-FA58-4989-A1F5-1774E67CC952}.Debug|Any CPU.ActiveCfg = Debug|Any CPU
		{F0D1CE2C-FA58-4989-A1F5-1774E67CC952}.Debug|Any CPU.Build.0 = Debug|Any CPU
		{F0D1CE2C-FA58-4989-A1F5-1774E67CC952}.Release|Any CPU.ActiveCfg = Release|Any CPU
		{F0D1CE2C-FA58-4989-A1F5-1774E67CC952}.Release|Any CPU.Build.0 = Release|Any CPU
		{09C48E91-0736-4D38-8E0C-15D03FCEF5D5}.Debug|Any CPU.ActiveCfg = Debug|Any CPU
		{09C48E91-0736-4D38-8E0C-15D03FCEF5D5}.Debug|Any CPU.Build.0 = Debug|Any CPU
		{09C48E91-0736-4D38-8E0C-15D03FCEF5D5}.Release|Any CPU.ActiveCfg = Release|Any CPU
		{09C48E91-0736-4D38-8E0C-15D03FCEF5D5}.Release|Any CPU.Build.0 = Release|Any CPU
		{C9B38DFD-A9A8-4DAD-927D-40E38EA230E7}.Debug|Any CPU.ActiveCfg = Debug|Any CPU
		{C9B38DFD-A9A8-4DAD-927D-40E38EA230E7}.Debug|Any CPU.Build.0 = Debug|Any CPU
		{C9B38DFD-A9A8-4DAD-927D-40E38EA230E7}.Release|Any CPU.ActiveCfg = Release|Any CPU
		{C9B38DFD-A9A8-4DAD-927D-40E38EA230E7}.Release|Any CPU.Build.0 = Release|Any CPU
		{F57EE1CE-7130-468C-8F23-FC7CFFF78A58}.Debug|Any CPU.ActiveCfg = Debug|Any CPU
		{F57EE1CE-7130-468C-8F23-FC7CFFF78A58}.Debug|Any CPU.Build.0 = Debug|Any CPU
		{F57EE1CE-7130-468C-8F23-FC7CFFF78A58}.Release|Any CPU.ActiveCfg = Release|Any CPU
		{F57EE1CE-7130-468C-8F23-FC7CFFF78A58}.Release|Any CPU.Build.0 = Release|Any CPU
	EndGlobalSection
	GlobalSection(SolutionProperties) = preSolution
		HideSolutionNode = FALSE
	EndGlobalSection
EndGlobal
